PODS:
  - Flutter (1.0.0)
  - flutter_plugins (0.0.1):
    - Flutter

DEPENDENCIES:
  - Flutter (from `Flutter`)
  - flutter_plugins (from `.symlinks/plugins/flutter_plugins/ios`)

EXTERNAL SOURCES:
  Flutter:
    :path: Flutter
  flutter_plugins:
    :path: ".symlinks/plugins/flutter_plugins/ios"

SPEC CHECKSUMS:
  Flutter: 50d75fe2f02b26cc09d224853bb45737f8b3214a
  flutter_plugins: 592f19e7070107b646fe4e3974778edc476c5c79

PODFILE CHECKSUM: 0efe353beddfd9012db30a85abd89089e98be536

COCOAPODS: 1.11.3
